// !$*UTF8*$!
{
	archiveVersion = 1;
	classes = {
	};
	objectVersion = 48;
	objects = {

/* Begin PBXBuildFile section */
		14331FB01F8AC0A3000AAD75 /* LoginViewController.swift in Sources */ = {isa = PBXBuildFile; fileRef = 14331FAF1F8AC0A3000AAD75 /* LoginViewController.swift */; };
		1449A9C01F8B82FD0054154C /* Lobster_1.3.otf in Resources */ = {isa = PBXBuildFile; fileRef = 1449A9BF1F8B82FD0054154C /* Lobster_1.3.otf */; };
		1449A9C71F8B83800054154C /* LemonMilklightitalic.otf in Resources */ = {isa = PBXBuildFile; fileRef = 1449A9C11F8B837F0054154C /* LemonMilklightitalic.otf */; };
		1449A9C81F8B83800054154C /* LemonMilklight.otf in Resources */ = {isa = PBXBuildFile; fileRef = 1449A9C21F8B837F0054154C /* LemonMilklight.otf */; };
		1449A9C91F8B83800054154C /* LemonMilkitalic.otf in Resources */ = {isa = PBXBuildFile; fileRef = 1449A9C31F8B837F0054154C /* LemonMilkitalic.otf */; };
		1449A9CA1F8B83800054154C /* LemonMilk.otf in Resources */ = {isa = PBXBuildFile; fileRef = 1449A9C41F8B837F0054154C /* LemonMilk.otf */; };
		1449A9CB1F8B83800054154C /* LemonMilkbold.otf in Resources */ = {isa = PBXBuildFile; fileRef = 1449A9C51F8B837F0054154C /* LemonMilkbold.otf */; };
		1449A9CC1F8B83800054154C /* LemonMilkbolditalic.otf in Resources */ = {isa = PBXBuildFile; fileRef = 1449A9C61F8B83800054154C /* LemonMilkbolditalic.otf */; };
		1449A9CE1F8B9A0D0054154C /* yorkwhiteletter.otf in Resources */ = {isa = PBXBuildFile; fileRef = 1449A9CD1F8B9A0D0054154C /* yorkwhiteletter.otf */; };
		1449A9D01F8B9B0E0054154C /* coolvetica rg.ttf in Resources */ = {isa = PBXBuildFile; fileRef = 1449A9CF1F8B9B0D0054154C /* coolvetica rg.ttf */; };
		1449A9D21F8B9D690054154C /* HomeViewController.swift in Sources */ = {isa = PBXBuildFile; fileRef = 1449A9D11F8B9D690054154C /* HomeViewController.swift */; };
		906AC4319C4B4837DC70CEF1 /* Pods_coffeeCraftTown.framework in Frameworks */ = {isa = PBXBuildFile; fileRef = 8E29B2BAED84CEA719BB8654 /* Pods_coffeeCraftTown.framework */; };
		C93F62F61F8A71A500058CF0 /* AppDelegate.swift in Sources */ = {isa = PBXBuildFile; fileRef = C93F62F51F8A71A500058CF0 /* AppDelegate.swift */; };
		C93F62F81F8A71A500058CF0 /* ViewController.swift in Sources */ = {isa = PBXBuildFile; fileRef = C93F62F71F8A71A500058CF0 /* ViewController.swift */; };
		C93F62FB1F8A71A500058CF0 /* Main.storyboard in Resources */ = {isa = PBXBuildFile; fileRef = C93F62F91F8A71A500058CF0 /* Main.storyboard */; };
		C93F62FD1F8A71A500058CF0 /* Assets.xcassets in Resources */ = {isa = PBXBuildFile; fileRef = C93F62FC1F8A71A500058CF0 /* Assets.xcassets */; };
		C93F63001F8A71A500058CF0 /* LaunchScreen.storyboard in Resources */ = {isa = PBXBuildFile; fileRef = C93F62FE1F8A71A500058CF0 /* LaunchScreen.storyboard */; };
		C93F63111F8A787800058CF0 /* CoreGraphics.framework in Frameworks */ = {isa = PBXBuildFile; fileRef = C93F63071F8A787800058CF0 /* CoreGraphics.framework */; };
		C93F63121F8A787800058CF0 /* CFNetwork.framework in Frameworks */ = {isa = PBXBuildFile; fileRef = C93F63081F8A787800058CF0 /* CFNetwork.framework */; };
		C93F63131F8A787800058CF0 /* libz.tbd in Frameworks */ = {isa = PBXBuildFile; fileRef = C93F63091F8A787800058CF0 /* libz.tbd */; };
		C93F63141F8A787800058CF0 /* StoreKit.framework in Frameworks */ = {isa = PBXBuildFile; fileRef = C93F630A1F8A787800058CF0 /* StoreKit.framework */; };
		C93F63151F8A787800058CF0 /* AudioToolbox.framework in Frameworks */ = {isa = PBXBuildFile; fileRef = C93F630B1F8A787800058CF0 /* AudioToolbox.framework */; };
		C93F63161F8A787800058CF0 /* Security.framework in Frameworks */ = {isa = PBXBuildFile; fileRef = C93F630C1F8A787800058CF0 /* Security.framework */; };
		C93F63171F8A787800058CF0 /* CoreLocation.framework in Frameworks */ = {isa = PBXBuildFile; fileRef = C93F630D1F8A787800058CF0 /* CoreLocation.framework */; };
		C93F63181F8A787800058CF0 /* libsqlite3.tbd in Frameworks */ = {isa = PBXBuildFile; fileRef = C93F630E1F8A787800058CF0 /* libsqlite3.tbd */; };
		C93F63191F8A787800058CF0 /* QuartzCore.framework in Frameworks */ = {isa = PBXBuildFile; fileRef = C93F630F1F8A787800058CF0 /* QuartzCore.framework */; };
		C93F631A1F8A787800058CF0 /* SystemConfiguration.framework in Frameworks */ = {isa = PBXBuildFile; fileRef = C93F63101F8A787800058CF0 /* SystemConfiguration.framework */; };
/* End PBXBuildFile section */

/* Begin PBXFileReference section */
		14331FAF1F8AC0A3000AAD75 /* LoginViewController.swift */ = {isa = PBXFileReference; lastKnownFileType = sourcecode.swift; path = LoginViewController.swift; sourceTree = "<group>"; };
		1449A9BF1F8B82FD0054154C /* Lobster_1.3.otf */ = {isa = PBXFileReference; lastKnownFileType = file; path = Lobster_1.3.otf; sourceTree = "<group>"; };
		1449A9C11F8B837F0054154C /* LemonMilklightitalic.otf */ = {isa = PBXFileReference; lastKnownFileType = file; path = LemonMilklightitalic.otf; sourceTree = "<group>"; };
		1449A9C21F8B837F0054154C /* LemonMilklight.otf */ = {isa = PBXFileReference; lastKnownFileType = file; path = LemonMilklight.otf; sourceTree = "<group>"; };
		1449A9C31F8B837F0054154C /* LemonMilkitalic.otf */ = {isa = PBXFileReference; lastKnownFileType = file; path = LemonMilkitalic.otf; sourceTree = "<group>"; };
		1449A9C41F8B837F0054154C /* LemonMilk.otf */ = {isa = PBXFileReference; lastKnownFileType = file; path = LemonMilk.otf; sourceTree = "<group>"; };
		1449A9C51F8B837F0054154C /* LemonMilkbold.otf */ = {isa = PBXFileReference; lastKnownFileType = file; path = LemonMilkbold.otf; sourceTree = "<group>"; };
		1449A9C61F8B83800054154C /* LemonMilkbolditalic.otf */ = {isa = PBXFileReference; lastKnownFileType = file; path = LemonMilkbolditalic.otf; sourceTree = "<group>"; };
		1449A9CD1F8B9A0D0054154C /* yorkwhiteletter.otf */ = {isa = PBXFileReference; lastKnownFileType = file; path = yorkwhiteletter.otf; sourceTree = "<group>"; };
		1449A9CF1F8B9B0D0054154C /* coolvetica rg.ttf */ = {isa = PBXFileReference; lastKnownFileType = file; path = "coolvetica rg.ttf"; sourceTree = "<group>"; };
		1449A9D11F8B9D690054154C /* HomeViewController.swift */ = {isa = PBXFileReference; lastKnownFileType = sourcecode.swift; path = HomeViewController.swift; sourceTree = "<group>"; };
		8E29B2BAED84CEA719BB8654 /* Pods_coffeeCraftTown.framework */ = {isa = PBXFileReference; explicitFileType = wrapper.framework; includeInIndex = 0; path = Pods_coffeeCraftTown.framework; sourceTree = BUILT_PRODUCTS_DIR; };
		B4B6CFA3377FC1FA4D59DD46 /* Pods-coffeeCraftTown.release.xcconfig */ = {isa = PBXFileReference; includeInIndex = 1; lastKnownFileType = text.xcconfig; name = "Pods-coffeeCraftTown.release.xcconfig"; path = "Pods/Target Support Files/Pods-coffeeCraftTown/Pods-coffeeCraftTown.release.xcconfig"; sourceTree = "<group>"; };
		C93F62F21F8A71A500058CF0 /* coffeeCraftTown.app */ = {isa = PBXFileReference; explicitFileType = wrapper.application; includeInIndex = 0; path = coffeeCraftTown.app; sourceTree = BUILT_PRODUCTS_DIR; };
		C93F62F51F8A71A500058CF0 /* AppDelegate.swift */ = {isa = PBXFileReference; lastKnownFileType = sourcecode.swift; path = AppDelegate.swift; sourceTree = "<group>"; };
		C93F62F71F8A71A500058CF0 /* ViewController.swift */ = {isa = PBXFileReference; lastKnownFileType = sourcecode.swift; path = ViewController.swift; sourceTree = "<group>"; };
		C93F62FA1F8A71A500058CF0 /* Base */ = {isa = PBXFileReference; lastKnownFileType = file.storyboard; name = Base; path = Base.lproj/Main.storyboard; sourceTree = "<group>"; };
		C93F62FC1F8A71A500058CF0 /* Assets.xcassets */ = {isa = PBXFileReference; lastKnownFileType = folder.assetcatalog; path = Assets.xcassets; sourceTree = "<group>"; };
		C93F62FF1F8A71A500058CF0 /* Base */ = {isa = PBXFileReference; lastKnownFileType = file.storyboard; name = Base; path = Base.lproj/LaunchScreen.storyboard; sourceTree = "<group>"; };
		C93F63011F8A71A500058CF0 /* Info.plist */ = {isa = PBXFileReference; lastKnownFileType = text.plist.xml; path = Info.plist; sourceTree = "<group>"; };
		C93F63071F8A787800058CF0 /* CoreGraphics.framework */ = {isa = PBXFileReference; lastKnownFileType = wrapper.framework; name = CoreGraphics.framework; path = System/Library/Frameworks/CoreGraphics.framework; sourceTree = SDKROOT; };
		C93F63081F8A787800058CF0 /* CFNetwork.framework */ = {isa = PBXFileReference; lastKnownFileType = wrapper.framework; name = CFNetwork.framework; path = System/Library/Frameworks/CFNetwork.framework; sourceTree = SDKROOT; };
		C93F63091F8A787800058CF0 /* libz.tbd */ = {isa = PBXFileReference; lastKnownFileType = "sourcecode.text-based-dylib-definition"; name = libz.tbd; path = usr/lib/libz.tbd; sourceTree = SDKROOT; };
		C93F630A1F8A787800058CF0 /* StoreKit.framework */ = {isa = PBXFileReference; lastKnownFileType = wrapper.framework; name = StoreKit.framework; path = System/Library/Frameworks/StoreKit.framework; sourceTree = SDKROOT; };
		C93F630B1F8A787800058CF0 /* AudioToolbox.framework */ = {isa = PBXFileReference; lastKnownFileType = wrapper.framework; name = AudioToolbox.framework; path = System/Library/Frameworks/AudioToolbox.framework; sourceTree = SDKROOT; };
		C93F630C1F8A787800058CF0 /* Security.framework */ = {isa = PBXFileReference; lastKnownFileType = wrapper.framework; name = Security.framework; path = System/Library/Frameworks/Security.framework; sourceTree = SDKROOT; };
		C93F630D1F8A787800058CF0 /* CoreLocation.framework */ = {isa = PBXFileReference; lastKnownFileType = wrapper.framework; name = CoreLocation.framework; path = System/Library/Frameworks/CoreLocation.framework; sourceTree = SDKROOT; };
		C93F630E1F8A787800058CF0 /* libsqlite3.tbd */ = {isa = PBXFileReference; lastKnownFileType = "sourcecode.text-based-dylib-definition"; name = libsqlite3.tbd; path = usr/lib/libsqlite3.tbd; sourceTree = SDKROOT; };
		C93F630F1F8A787800058CF0 /* QuartzCore.framework */ = {isa = PBXFileReference; lastKnownFileType = wrapper.framework; name = QuartzCore.framework; path = System/Library/Frameworks/QuartzCore.framework; sourceTree = SDKROOT; };
		C93F63101F8A787800058CF0 /* SystemConfiguration.framework */ = {isa = PBXFileReference; lastKnownFileType = wrapper.framework; name = SystemConfiguration.framework; path = System/Library/Frameworks/SystemConfiguration.framework; sourceTree = SDKROOT; };
		F450DA05EB5E06B15660783A /* Pods-coffeeCraftTown.debug.xcconfig */ = {isa = PBXFileReference; includeInIndex = 1; lastKnownFileType = text.xcconfig; name = "Pods-coffeeCraftTown.debug.xcconfig"; path = "Pods/Target Support Files/Pods-coffeeCraftTown/Pods-coffeeCraftTown.debug.xcconfig"; sourceTree = "<group>"; };
/* End PBXFileReference section */

/* Begin PBXFrameworksBuildPhase section */
		C93F62EF1F8A71A500058CF0 /* Frameworks */ = {
			isa = PBXFrameworksBuildPhase;
			buildActionMask = 2147483647;
			files = (
				C93F63111F8A787800058CF0 /* CoreGraphics.framework in Frameworks */,
				C93F63121F8A787800058CF0 /* CFNetwork.framework in Frameworks */,
				C93F63131F8A787800058CF0 /* libz.tbd in Frameworks */,
				C93F63141F8A787800058CF0 /* StoreKit.framework in Frameworks */,
				C93F63151F8A787800058CF0 /* AudioToolbox.framework in Frameworks */,
				C93F63161F8A787800058CF0 /* Security.framework in Frameworks */,
				C93F63171F8A787800058CF0 /* CoreLocation.framework in Frameworks */,
				C93F63181F8A787800058CF0 /* libsqlite3.tbd in Frameworks */,
				C93F63191F8A787800058CF0 /* QuartzCore.framework in Frameworks */,
				C93F631A1F8A787800058CF0 /* SystemConfiguration.framework in Frameworks */,
				906AC4319C4B4837DC70CEF1 /* Pods_coffeeCraftTown.framework in Frameworks */,
			);
			runOnlyForDeploymentPostprocessing = 0;
		};
/* End PBXFrameworksBuildPhase section */

/* Begin PBXGroup section */
		1449A9BE1F8B82D50054154C /* Fonts */ = {
			isa = PBXGroup;
			children = (
				1449A9CF1F8B9B0D0054154C /* coolvetica rg.ttf */,
				1449A9CD1F8B9A0D0054154C /* yorkwhiteletter.otf */,
				1449A9C41F8B837F0054154C /* LemonMilk.otf */,
				1449A9C51F8B837F0054154C /* LemonMilkbold.otf */,
				1449A9C61F8B83800054154C /* LemonMilkbolditalic.otf */,
				1449A9C31F8B837F0054154C /* LemonMilkitalic.otf */,
				1449A9C21F8B837F0054154C /* LemonMilklight.otf */,
				1449A9C11F8B837F0054154C /* LemonMilklightitalic.otf */,
				1449A9BF1F8B82FD0054154C /* Lobster_1.3.otf */,
			);
			path = Fonts;
			sourceTree = "<group>";
		};
		94C2367AB22843F1B09AFBB0 /* Pods */ = {
			isa = PBXGroup;
			children = (
				F450DA05EB5E06B15660783A /* Pods-coffeeCraftTown.debug.xcconfig */,
				B4B6CFA3377FC1FA4D59DD46 /* Pods-coffeeCraftTown.release.xcconfig */,
			);
			name = Pods;
			sourceTree = "<group>";
		};
		C93F62E91F8A71A500058CF0 = {
			isa = PBXGroup;
			children = (
				C93F62F41F8A71A500058CF0 /* coffeeCraftTown */,
				C93F62F31F8A71A500058CF0 /* Products */,
				94C2367AB22843F1B09AFBB0 /* Pods */,
				E48707DB2239E6D53D28AACA /* Frameworks */,
			);
			sourceTree = "<group>";
		};
		C93F62F31F8A71A500058CF0 /* Products */ = {
			isa = PBXGroup;
			children = (
				C93F62F21F8A71A500058CF0 /* coffeeCraftTown.app */,
			);
			name = Products;
			sourceTree = "<group>";
		};
		C93F62F41F8A71A500058CF0 /* coffeeCraftTown */ = {
			isa = PBXGroup;
			children = (
				1449A9BE1F8B82D50054154C /* Fonts */,
				C93F62F51F8A71A500058CF0 /* AppDelegate.swift */,
				C93F62F71F8A71A500058CF0 /* ViewController.swift */,
				C93F62F91F8A71A500058CF0 /* Main.storyboard */,
				C93F62FC1F8A71A500058CF0 /* Assets.xcassets */,
				C93F62FE1F8A71A500058CF0 /* LaunchScreen.storyboard */,
				C93F63011F8A71A500058CF0 /* Info.plist */,
				14331FAF1F8AC0A3000AAD75 /* LoginViewController.swift */,
				1449A9D11F8B9D690054154C /* HomeViewController.swift */,
			);
			path = coffeeCraftTown;
			sourceTree = "<group>";
		};
		E48707DB2239E6D53D28AACA /* Frameworks */ = {
			isa = PBXGroup;
			children = (
				C93F630B1F8A787800058CF0 /* AudioToolbox.framework */,
				C93F63081F8A787800058CF0 /* CFNetwork.framework */,
				C93F63071F8A787800058CF0 /* CoreGraphics.framework */,
				C93F630D1F8A787800058CF0 /* CoreLocation.framework */,
				C93F630E1F8A787800058CF0 /* libsqlite3.tbd */,
				C93F63091F8A787800058CF0 /* libz.tbd */,
				C93F630F1F8A787800058CF0 /* QuartzCore.framework */,
				C93F630C1F8A787800058CF0 /* Security.framework */,
				C93F630A1F8A787800058CF0 /* StoreKit.framework */,
				C93F63101F8A787800058CF0 /* SystemConfiguration.framework */,
				8E29B2BAED84CEA719BB8654 /* Pods_coffeeCraftTown.framework */,
			);
			name = Frameworks;
			sourceTree = "<group>";
		};
/* End PBXGroup section */

/* Begin PBXNativeTarget section */
		C93F62F11F8A71A500058CF0 /* coffeeCraftTown */ = {
			isa = PBXNativeTarget;
			buildConfigurationList = C93F63041F8A71A500058CF0 /* Build configuration list for PBXNativeTarget "coffeeCraftTown" */;
			buildPhases = (
				AC82B1671866AA98ACABFD32 /* [CP] Check Pods Manifest.lock */,
				C93F62EE1F8A71A500058CF0 /* Sources */,
				C93F62EF1F8A71A500058CF0 /* Frameworks */,
				C93F62F01F8A71A500058CF0 /* Resources */,
				67F4C8E0228E5D466956D566 /* [CP] Embed Pods Frameworks */,
				EE6A88E738750C3FE63756F9 /* [CP] Copy Pods Resources */,
			);
			buildRules = (
			);
			dependencies = (
			);
			name = coffeeCraftTown;
			productName = coffeeCraftTown;
			productReference = C93F62F21F8A71A500058CF0 /* coffeeCraftTown.app */;
			productType = "com.apple.product-type.application";
		};
/* End PBXNativeTarget section */

/* Begin PBXProject section */
		C93F62EA1F8A71A500058CF0 /* Project object */ = {
			isa = PBXProject;
			attributes = {
				LastSwiftUpdateCheck = 0900;
				LastUpgradeCheck = 0900;
				ORGANIZATIONNAME = "Berksu Kısmet";
				TargetAttributes = {
					C93F62F11F8A71A500058CF0 = {
						CreatedOnToolsVersion = 9.0;
						ProvisioningStyle = Automatic;
					};
				};
			};
			buildConfigurationList = C93F62ED1F8A71A500058CF0 /* Build configuration list for PBXProject "coffeeCraftTown" */;
			compatibilityVersion = "Xcode 8.0";
			developmentRegion = en;
			hasScannedForEncodings = 0;
			knownRegions = (
				en,
				Base,
			);
			mainGroup = C93F62E91F8A71A500058CF0;
			productRefGroup = C93F62F31F8A71A500058CF0 /* Products */;
			projectDirPath = "";
			projectRoot = "";
			targets = (
				C93F62F11F8A71A500058CF0 /* coffeeCraftTown */,
			);
		};
/* End PBXProject section */

/* Begin PBXResourcesBuildPhase section */
		C93F62F01F8A71A500058CF0 /* Resources */ = {
			isa = PBXResourcesBuildPhase;
			buildActionMask = 2147483647;
			files = (
				C93F63001F8A71A500058CF0 /* LaunchScreen.storyboard in Resources */,
				1449A9CB1F8B83800054154C /* LemonMilkbold.otf in Resources */,
				C93F62FD1F8A71A500058CF0 /* Assets.xcassets in Resources */,
				1449A9C01F8B82FD0054154C /* Lobster_1.3.otf in Resources */,
				1449A9C91F8B83800054154C /* LemonMilkitalic.otf in Resources */,
				1449A9CA1F8B83800054154C /* LemonMilk.otf in Resources */,
				C93F62FB1F8A71A500058CF0 /* Main.storyboard in Resources */,
				1449A9D01F8B9B0E0054154C /* coolvetica rg.ttf in Resources */,
				1449A9CC1F8B83800054154C /* LemonMilkbolditalic.otf in Resources */,
				1449A9C71F8B83800054154C /* LemonMilklightitalic.otf in Resources */,
				1449A9C81F8B83800054154C /* LemonMilklight.otf in Resources */,
				1449A9CE1F8B9A0D0054154C /* yorkwhiteletter.otf in Resources */,
			);
			runOnlyForDeploymentPostprocessing = 0;
		};
/* End PBXResourcesBuildPhase section */

/* Begin PBXShellScriptBuildPhase section */
		67F4C8E0228E5D466956D566 /* [CP] Embed Pods Frameworks */ = {
			isa = PBXShellScriptBuildPhase;
			buildActionMask = 2147483647;
			files = (
			);
			inputPaths = (
			);
			name = "[CP] Embed Pods Frameworks";
			outputPaths = (
			);
			runOnlyForDeploymentPostprocessing = 0;
			shellPath = /bin/sh;
			shellScript = "\"${SRCROOT}/Pods/Target Support Files/Pods-coffeeCraftTown/Pods-coffeeCraftTown-frameworks.sh\"\n";
			showEnvVarsInLog = 0;
		};
		AC82B1671866AA98ACABFD32 /* [CP] Check Pods Manifest.lock */ = {
			isa = PBXShellScriptBuildPhase;
			buildActionMask = 2147483647;
			files = (
			);
			inputPaths = (
			);
			name = "[CP] Check Pods Manifest.lock";
			outputPaths = (
			);
			runOnlyForDeploymentPostprocessing = 0;
			shellPath = /bin/sh;
			shellScript = "diff \"${PODS_ROOT}/../Podfile.lock\" \"${PODS_ROOT}/Manifest.lock\" > /dev/null\nif [ $? != 0 ] ; then\n    # print error to STDERR\n    echo \"error: The sandbox is not in sync with the Podfile.lock. Run 'pod install' or update your CocoaPods installation.\" >&2\n    exit 1\nfi\n";
			showEnvVarsInLog = 0;
		};
		EE6A88E738750C3FE63756F9 /* [CP] Copy Pods Resources */ = {
			isa = PBXShellScriptBuildPhase;
			buildActionMask = 2147483647;
			files = (
			);
			inputPaths = (
			);
			name = "[CP] Copy Pods Resources";
			outputPaths = (
			);
			runOnlyForDeploymentPostprocessing = 0;
			shellPath = /bin/sh;
			shellScript = "\"${SRCROOT}/Pods/Target Support Files/Pods-coffeeCraftTown/Pods-coffeeCraftTown-resources.sh\"\n";
			showEnvVarsInLog = 0;
		};
/* End PBXShellScriptBuildPhase section */

/* Begin PBXSourcesBuildPhase section */
		C93F62EE1F8A71A500058CF0 /* Sources */ = {
			isa = PBXSourcesBuildPhase;
			buildActionMask = 2147483647;
			files = (
				14331FB01F8AC0A3000AAD75 /* LoginViewController.swift in Sources */,
				C93F62F81F8A71A500058CF0 /* ViewController.swift in Sources */,
				C93F62F61F8A71A500058CF0 /* AppDelegate.swift in Sources */,
				1449A9D21F8B9D690054154C /* HomeViewController.swift in Sources */,
			);
			runOnlyForDeploymentPostprocessing = 0;
		};
/* End PBXSourcesBuildPhase section */

/* Begin PBXVariantGroup section */
		C93F62F91F8A71A500058CF0 /* Main.storyboard */ = {
			isa = PBXVariantGroup;
			children = (
				C93F62FA1F8A71A500058CF0 /* Base */,
			);
			name = Main.storyboard;
			sourceTree = "<group>";
		};
		C93F62FE1F8A71A500058CF0 /* LaunchScreen.storyboard */ = {
			isa = PBXVariantGroup;
			children = (
				C93F62FF1F8A71A500058CF0 /* Base */,
			);
			name = LaunchScreen.storyboard;
			sourceTree = "<group>";
		};
/* End PBXVariantGroup section */

/* Begin XCBuildConfiguration section */
		C93F63021F8A71A500058CF0 /* Debug */ = {
			isa = XCBuildConfiguration;
			buildSettings = {
				ALWAYS_SEARCH_USER_PATHS = NO;
				CLANG_ANALYZER_NONNULL = YES;
				CLANG_ANALYZER_NUMBER_OBJECT_CONVERSION = YES_AGGRESSIVE;
				CLANG_CXX_LANGUAGE_STANDARD = "gnu++14";
				CLANG_CXX_LIBRARY = "libc++";
				CLANG_ENABLE_MODULES = YES;
				CLANG_ENABLE_OBJC_ARC = YES;
				CLANG_WARN_BLOCK_CAPTURE_AUTORELEASING = YES;
				CLANG_WARN_BOOL_CONVERSION = YES;
				CLANG_WARN_COMMA = YES;
				CLANG_WARN_CONSTANT_CONVERSION = YES;
				CLANG_WARN_DIRECT_OBJC_ISA_USAGE = YES_ERROR;
				CLANG_WARN_DOCUMENTATION_COMMENTS = YES;
				CLANG_WARN_EMPTY_BODY = YES;
				CLANG_WARN_ENUM_CONVERSION = YES;
				CLANG_WARN_INFINITE_RECURSION = YES;
				CLANG_WARN_INT_CONVERSION = YES;
				CLANG_WARN_NON_LITERAL_NULL_CONVERSION = YES;
				CLANG_WARN_OBJC_LITERAL_CONVERSION = YES;
				CLANG_WARN_OBJC_ROOT_CLASS = YES_ERROR;
				CLANG_WARN_RANGE_LOOP_ANALYSIS = YES;
				CLANG_WARN_STRICT_PROTOTYPES = YES;
				CLANG_WARN_SUSPICIOUS_MOVE = YES;
				CLANG_WARN_UNGUARDED_AVAILABILITY = YES_AGGRESSIVE;
				CLANG_WARN_UNREACHABLE_CODE = YES;
				CLANG_WARN__DUPLICATE_METHOD_MATCH = YES;
				CODE_SIGN_IDENTITY = "iPhone Developer";
				COPY_PHASE_STRIP = NO;
				DEBUG_INFORMATION_FORMAT = dwarf;
				ENABLE_STRICT_OBJC_MSGSEND = YES;
				ENABLE_TESTABILITY = YES;
				GCC_C_LANGUAGE_STANDARD = gnu11;
				GCC_DYNAMIC_NO_PIC = NO;
				GCC_NO_COMMON_BLOCKS = YES;
				GCC_OPTIMIZATION_LEVEL = 0;
				GCC_PREPROCESSOR_DEFINITIONS = (
					"DEBUG=1",
					"$(inherited)",
				);
				GCC_WARN_64_TO_32_BIT_CONVERSION = YES;
				GCC_WARN_ABOUT_RETURN_TYPE = YES_ERROR;
				GCC_WARN_UNDECLARED_SELECTOR = YES;
				GCC_WARN_UNINITIALIZED_AUTOS = YES_AGGRESSIVE;
				GCC_WARN_UNUSED_FUNCTION = YES;
				GCC_WARN_UNUSED_VARIABLE = YES;
				IPHONEOS_DEPLOYMENT_TARGET = 11.0;
				MTL_ENABLE_DEBUG_INFO = YES;
				ONLY_ACTIVE_ARCH = YES;
				SDKROOT = iphoneos;
				SWIFT_ACTIVE_COMPILATION_CONDITIONS = DEBUG;
				SWIFT_OPTIMIZATION_LEVEL = "-Onone";
			};
			name = Debug;
		};
		C93F63031F8A71A500058CF0 /* Release */ = {
			isa = XCBuildConfiguration;
			buildSettings = {
				ALWAYS_SEARCH_USER_PATHS = NO;
				CLANG_ANALYZER_NONNULL = YES;
				CLANG_ANALYZER_NUMBER_OBJECT_CONVERSION = YES_AGGRESSIVE;
				CLANG_CXX_LANGUAGE_STANDARD = "gnu++14";
				CLANG_CXX_LIBRARY = "libc++";
				CLANG_ENABLE_MODULES = YES;
				CLANG_ENABLE_OBJC_ARC = YES;
				CLANG_WARN_BLOCK_CAPTURE_AUTORELEASING = YES;
				CLANG_WARN_BOOL_CONVERSION = YES;
				CLANG_WARN_COMMA = YES;
				CLANG_WARN_CONSTANT_CONVERSION = YES;
				CLANG_WARN_DIRECT_OBJC_ISA_USAGE = YES_ERROR;
				CLANG_WARN_DOCUMENTATION_COMMENTS = YES;
				CLANG_WARN_EMPTY_BODY = YES;
				CLANG_WARN_ENUM_CONVERSION = YES;
				CLANG_WARN_INFINITE_RECURSION = YES;
				CLANG_WARN_INT_CONVERSION = YES;
				CLANG_WARN_NON_LITERAL_NULL_CONVERSION = YES;
				CLANG_WARN_OBJC_LITERAL_CONVERSION = YES;
				CLANG_WARN_OBJC_ROOT_CLASS = YES_ERROR;
				CLANG_WARN_RANGE_LOOP_ANALYSIS = YES;
				CLANG_WARN_STRICT_PROTOTYPES = YES;
				CLANG_WARN_SUSPICIOUS_MOVE = YES;
				CLANG_WARN_UNGUARDED_AVAILABILITY = YES_AGGRESSIVE;
				CLANG_WARN_UNREACHABLE_CODE = YES;
				CLANG_WARN__DUPLICATE_METHOD_MATCH = YES;
				CODE_SIGN_IDENTITY = "iPhone Developer";
				COPY_PHASE_STRIP = NO;
				DEBUG_INFORMATION_FORMAT = "dwarf-with-dsym";
				ENABLE_NS_ASSERTIONS = NO;
				ENABLE_STRICT_OBJC_MSGSEND = YES;
				GCC_C_LANGUAGE_STANDARD = gnu11;
				GCC_NO_COMMON_BLOCKS = YES;
				GCC_WARN_64_TO_32_BIT_CONVERSION = YES;
				GCC_WARN_ABOUT_RETURN_TYPE = YES_ERROR;
				GCC_WARN_UNDECLARED_SELECTOR = YES;
				GCC_WARN_UNINITIALIZED_AUTOS = YES_AGGRESSIVE;
				GCC_WARN_UNUSED_FUNCTION = YES;
				GCC_WARN_UNUSED_VARIABLE = YES;
				IPHONEOS_DEPLOYMENT_TARGET = 11.0;
				MTL_ENABLE_DEBUG_INFO = NO;
				SDKROOT = iphoneos;
				SWIFT_OPTIMIZATION_LEVEL = "-Owholemodule";
				VALIDATE_PRODUCT = YES;
			};
			name = Release;
		};
		C93F63051F8A71A500058CF0 /* Debug */ = {
			isa = XCBuildConfiguration;
			baseConfigurationReference = F450DA05EB5E06B15660783A /* Pods-coffeeCraftTown.debug.xcconfig */;
			buildSettings = {
				ASSETCATALOG_COMPILER_APPICON_NAME = AppIcon;
				CODE_SIGN_STYLE = Automatic;
				DEVELOPMENT_TEAM = PT2V6T6JDZ;
				INFOPLIST_FILE = coffeeCraftTown/Info.plist;
				LD_RUNPATH_SEARCH_PATHS = "$(inherited) @executable_path/Frameworks";
				PRODUCT_BUNDLE_IDENTIFIER = com.Kutan.coffeeCraftTown;
				PRODUCT_NAME = "$(TARGET_NAME)";
				SWIFT_VERSION = 4.0;
				TARGETED_DEVICE_FAMILY = "1,2";
			};
			name = Debug;
		};
		C93F63061F8A71A500058CF0 /* Release */ = {
			isa = XCBuildConfiguration;
			baseConfigurationReference = B4B6CFA3377FC1FA4D59DD46 /* Pods-coffeeCraftTown.release.xcconfig */;
			buildSettings = {
				ASSETCATALOG_COMPILER_APPICON_NAME = AppIcon;
				CODE_SIGN_STYLE = Automatic;
				DEVELOPMENT_TEAM = PT2V6T6JDZ;
				INFOPLIST_FILE = coffeeCraftTown/Info.plist;
				LD_RUNPATH_SEARCH_PATHS = "$(inherited) @executable_path/Frameworks";
				PRODUCT_BUNDLE_IDENTIFIER = com.Kutan.coffeeCraftTown;
				PRODUCT_NAME = "$(TARGET_NAME)";
				SWIFT_VERSION = 4.0;
				TARGETED_DEVICE_FAMILY = "1,2";
			};
			name = Release;
		};
/* End XCBuildConfiguration section */

/* Begin XCConfigurationList section */
		C93F62ED1F8A71A500058CF0 /* Build configuration list for PBXProject "coffeeCraftTown" */ = {
			isa = XCConfigurationList;
			buildConfigurations = (
				C93F63021F8A71A500058CF0 /* Debug */,
				C93F63031F8A71A500058CF0 /* Release */,
			);
			defaultConfigurationIsVisible = 0;
			defaultConfigurationName = Release;
		};
		C93F63041F8A71A500058CF0 /* Build configuration list for PBXNativeTarget "coffeeCraftTown" */ = {
			isa = XCConfigurationList;
			buildConfigurations = (
				C93F63051F8A71A500058CF0 /* Debug */,
				C93F63061F8A71A500058CF0 /* Release */,
			);
			defaultConfigurationIsVisible = 0;
			defaultConfigurationName = Release;
		};
/* End XCConfigurationList section */
	};
	rootObject = C93F62EA1F8A71A500058CF0 /* Project object */;
}
